{
  "version": 4,
  "terraform_version": "1.3.7",
  "serial": 66,
  "lineage": "5a7fb542-6ea1-d5b6-3b0b-a547afe2cb40",
  "outputs": {},
  "resources": [
    {
      "mode": "managed",
      "type": "proxmox_vm_qemu",
      "name": "control_plane",
      "provider": "provider[\"registry.terraform.io/telmate/proxmox\"]",
      "instances": [
        {
          "index_key": 0,
          "schema_version": 0,
          "attributes": {
            "additional_wait": 0,
            "agent": 0,
            "args": "",
            "automatic_reboot": true,
            "balloon": 0,
            "bios": "seabios",
            "boot": "c",
            "bootdisk": "scsi0",
            "bridge": "",
            "ci_wait": null,
            "cicustom": "",
            "cipassword": "",
            "ciuser": "ansible",
            "clone": "ubuntu-2204-cloudinit-temp-700",
            "clone_wait": 0,
            "cloudinit_cdrom_storage": null,
            "cores": 4,
            "cpu": "host",
            "default_ipv4_address": null,
            "define_connection_info": true,
            "desc": "",
            "disk": [
              {
                "aio": "",
                "backup": 0,
                "cache": "none",
                "discard": "",
                "file": "base-700-disk-0/vm-701-disk-0",
                "format": "raw",
                "iops": 0,
                "iops_max": 0,
                "iops_max_length": 0,
                "iops_rd": 0,
                "iops_rd_max": 0,
                "iops_rd_max_length": 0,
                "iops_wr": 0,
                "iops_wr_max": 0,
                "iops_wr_max_length": 0,
                "iothread": 1,
                "mbps": 0,
                "mbps_rd": 0,
                "mbps_rd_max": 0,
                "mbps_wr": 0,
                "mbps_wr_max": 0,
                "media": "",
                "replicate": 0,
                "size": "100G",
                "slot": 0,
                "ssd": 0,
                "storage": "c1",
                "storage_type": "rbd",
                "type": "scsi",
                "volume": "c1:base-700-disk-0/vm-701-disk-0"
              }
            ],
            "disk_gb": 0,
            "force_create": false,
            "force_recreate_on_change_of": null,
            "full_clone": false,
            "guest_agent_ready_timeout": 100,
            "hagroup": "",
            "hastate": "",
            "hotplug": "network,disk,usb",
            "id": "pve2/qemu/701",
            "ipconfig0": "ip=10.10.10.30/24,gw=10.10.10.1",
            "ipconfig1": "",
            "ipconfig2": "",
            "ipconfig3": "",
            "ipconfig4": "",
            "ipconfig5": "",
            "iso": null,
            "kvm": true,
            "mac": "",
            "memory": 4096,
            "name": "control-plane-0.proxmox.arcdsc.com",
            "nameserver": "10.10.10.1",
            "network": [
              {
                "bridge": "vmbr1",
                "firewall": false,
                "link_down": false,
                "macaddr": "02:36:35:74:DE:15",
                "model": "virtio",
                "mtu": 0,
                "queues": 0,
                "rate": 0,
                "tag": -1
              }
            ],
            "nic": "",
            "numa": false,
            "onboot": false,
            "oncreate": true,
            "os_network_config": null,
            "os_type": "cloud-init",
            "pool": "C1",
            "preprovision": true,
            "pxe": null,
            "qemu_os": "l26",
            "reboot_required": false,
            "scsihw": "virtio-scsi-single",
            "searchdomain": "proxmox.arcdsc.com",
            "serial": [],
            "sockets": 1,
            "ssh_forward_ip": null,
            "ssh_host": null,
            "ssh_port": null,
            "ssh_private_key": null,
            "ssh_user": null,
            "sshkeys": "ssh-rsa AAAAB3NzaC1yc2EAAAADAQABAAABgQC2buU+SVNE0ky0XHB4ByZIDLTU3pezeF6o6nhnw1UmAgmpvuFp7bhf/tlVlLirVBfG7a0wfLXOs5DOvHLp/bDjA3UA+g9dvgL0DjGcH0SpFAVLofUQUS3UcO/qiNM1JpSVX2oG2wTZ2Kwi6HqHQTCNJku8bxe1I31u2Ohi/Gwrr0OJUVjCNCwn7NAPYOtKtbG6SPwvu/Wdy/INOtSE0VoWWaZb4TwHxc9TFR6w9lfAOrXpW0cPXcwqKoU34Wm0qacI/AYSWyK54/4CSTJrwB9FljRaLDc7I7BWx69ekrdjZJ7zxUmkcy1qksuyCTLiN6fYRYNAanwnXuWQYFUGD9nOso77hz3K0ficRSlsefZYnq4jnTW7ILkB8AtVyUnEDmxPVXBxc/U+Wgg1t9VdBKOcC7DZcU2WyuMjHHtqrAAZGm65iqWx8VG61DZET5kZ4iXvUOm1MWku9iOeaH3SeFoCmbxK8LjSaUkkMWiF+cIGHktTfV09Ciqk8qpDaaGyhq0= bahaaalamood@Bahaas-MacBook-Pro.local\n\n",
            "startup": "",
            "storage": "",
            "storage_type": "",
            "tablet": true,
            "tags": "",
            "target_node": "pve2",
            "timeouts": null,
            "unused_disk": [],
            "usb": [],
            "vcpus": 0,
            "vga": [],
            "vlan": -1,
            "vmid": 701
          },
          "sensitive_attributes": [],
          "private": "eyJlMmJmYjczMC1lY2FhLTExZTYtOGY4OC0zNDM2M2JjN2M0YzAiOnsiY3JlYXRlIjozMDAwMDAwMDAwMDAsImRlZmF1bHQiOjMwMDAwMDAwMDAwMCwiZGVsZXRlIjoxODAwMDAwMDAwMDAsInJlYWQiOjE4MDAwMDAwMDAwMCwidXBkYXRlIjoxODAwMDAwMDAwMDB9fQ=="
        }
      ]
    },
    {
      "mode": "managed",
      "type": "proxmox_vm_qemu",
      "name": "worker_nodes",
      "provider": "provider[\"registry.terraform.io/telmate/proxmox\"]",
      "instances": [
        {
          "index_key": 0,
          "schema_version": 0,
          "attributes": {
            "additional_wait": 0,
            "agent": 0,
            "args": "",
            "automatic_reboot": true,
            "balloon": 0,
            "bios": "seabios",
            "boot": "c",
            "bootdisk": "scsi0",
            "bridge": "",
            "ci_wait": null,
            "cicustom": "",
            "cipassword": "",
            "ciuser": "ansible",
            "clone": "ubuntu-2204-cloudinit-temp-700",
            "clone_wait": 0,
            "cloudinit_cdrom_storage": null,
            "cores": 4,
            "cpu": "host",
            "default_ipv4_address": null,
            "define_connection_info": true,
            "desc": "",
            "disk": [
              {
                "aio": "",
                "backup": 0,
                "cache": "none",
                "discard": "",
                "file": "base-700-disk-0/vm-751-disk-0",
                "format": "raw",
                "iops": 0,
                "iops_max": 0,
                "iops_max_length": 0,
                "iops_rd": 0,
                "iops_rd_max": 0,
                "iops_rd_max_length": 0,
                "iops_wr": 0,
                "iops_wr_max": 0,
                "iops_wr_max_length": 0,
                "iothread": 1,
                "mbps": 0,
                "mbps_rd": 0,
                "mbps_rd_max": 0,
                "mbps_wr": 0,
                "mbps_wr_max": 0,
                "media": "",
                "replicate": 0,
                "size": "100G",
                "slot": 0,
                "ssd": 0,
                "storage": "c1",
                "storage_type": "rbd",
                "type": "scsi",
                "volume": "c1:base-700-disk-0/vm-751-disk-0"
              }
            ],
            "disk_gb": 0,
            "force_create": false,
            "force_recreate_on_change_of": null,
            "full_clone": false,
            "guest_agent_ready_timeout": 100,
            "hagroup": "",
            "hastate": "",
            "hotplug": "network,disk,usb",
            "id": "pve2/qemu/751",
            "ipconfig0": "ip=10.10.10.40/24,gw=10.10.10.1",
            "ipconfig1": "",
            "ipconfig2": "",
            "ipconfig3": "",
            "ipconfig4": "",
            "ipconfig5": "",
            "iso": null,
            "kvm": true,
            "mac": "",
            "memory": 16384,
            "name": "worker-0.proxmox.arcdsc.com",
            "nameserver": "10.10.10.1",
            "network": [
              {
                "bridge": "vmbr1",
                "firewall": false,
                "link_down": false,
                "macaddr": "22:1F:F8:CA:C3:9C",
                "model": "virtio",
                "mtu": 0,
                "queues": 0,
                "rate": 0,
                "tag": -1
              }
            ],
            "nic": "",
            "numa": false,
            "onboot": false,
            "oncreate": true,
            "os_network_config": null,
            "os_type": "cloud-init",
            "pool": "C1",
            "preprovision": true,
            "pxe": null,
            "qemu_os": "l26",
            "reboot_required": false,
            "scsihw": "virtio-scsi-single",
            "searchdomain": "proxmox.arcdsc.com",
            "serial": [],
            "sockets": 1,
            "ssh_forward_ip": null,
            "ssh_host": null,
            "ssh_port": null,
            "ssh_private_key": null,
            "ssh_user": null,
            "sshkeys": "ssh-rsa AAAAB3NzaC1yc2EAAAADAQABAAABgQC2buU+SVNE0ky0XHB4ByZIDLTU3pezeF6o6nhnw1UmAgmpvuFp7bhf/tlVlLirVBfG7a0wfLXOs5DOvHLp/bDjA3UA+g9dvgL0DjGcH0SpFAVLofUQUS3UcO/qiNM1JpSVX2oG2wTZ2Kwi6HqHQTCNJku8bxe1I31u2Ohi/Gwrr0OJUVjCNCwn7NAPYOtKtbG6SPwvu/Wdy/INOtSE0VoWWaZb4TwHxc9TFR6w9lfAOrXpW0cPXcwqKoU34Wm0qacI/AYSWyK54/4CSTJrwB9FljRaLDc7I7BWx69ekrdjZJ7zxUmkcy1qksuyCTLiN6fYRYNAanwnXuWQYFUGD9nOso77hz3K0ficRSlsefZYnq4jnTW7ILkB8AtVyUnEDmxPVXBxc/U+Wgg1t9VdBKOcC7DZcU2WyuMjHHtqrAAZGm65iqWx8VG61DZET5kZ4iXvUOm1MWku9iOeaH3SeFoCmbxK8LjSaUkkMWiF+cIGHktTfV09Ciqk8qpDaaGyhq0= bahaaalamood@Bahaas-MacBook-Pro.local\n\n",
            "startup": "",
            "storage": "",
            "storage_type": "",
            "tablet": true,
            "tags": "",
            "target_node": "pve2",
            "timeouts": null,
            "unused_disk": [],
            "usb": [],
            "vcpus": 0,
            "vga": [],
            "vlan": -1,
            "vmid": 751
          },
          "sensitive_attributes": [],
          "private": "eyJlMmJmYjczMC1lY2FhLTExZTYtOGY4OC0zNDM2M2JjN2M0YzAiOnsiY3JlYXRlIjozMDAwMDAwMDAwMDAsImRlZmF1bHQiOjMwMDAwMDAwMDAwMCwiZGVsZXRlIjoxODAwMDAwMDAwMDAsInJlYWQiOjE4MDAwMDAwMDAwMCwidXBkYXRlIjoxODAwMDAwMDAwMDB9fQ=="
        },
        {
          "index_key": 1,
          "schema_version": 0,
          "attributes": {
            "additional_wait": 0,
            "agent": 0,
            "args": "",
            "automatic_reboot": true,
            "balloon": 0,
            "bios": "seabios",
            "boot": "c",
            "bootdisk": "scsi0",
            "bridge": "",
            "ci_wait": null,
            "cicustom": "",
            "cipassword": "",
            "ciuser": "ansible",
            "clone": "ubuntu-2204-cloudinit-temp-700",
            "clone_wait": 0,
            "cloudinit_cdrom_storage": null,
            "cores": 4,
            "cpu": "host",
            "default_ipv4_address": null,
            "define_connection_info": true,
            "desc": "",
            "disk": [
              {
                "aio": "",
                "backup": 0,
                "cache": "none",
                "discard": "",
                "file": "base-700-disk-0/vm-752-disk-0",
                "format": "raw",
                "iops": 0,
                "iops_max": 0,
                "iops_max_length": 0,
                "iops_rd": 0,
                "iops_rd_max": 0,
                "iops_rd_max_length": 0,
                "iops_wr": 0,
                "iops_wr_max": 0,
                "iops_wr_max_length": 0,
                "iothread": 1,
                "mbps": 0,
                "mbps_rd": 0,
                "mbps_rd_max": 0,
                "mbps_wr": 0,
                "mbps_wr_max": 0,
                "media": "",
                "replicate": 0,
                "size": "100G",
                "slot": 0,
                "ssd": 0,
                "storage": "c1",
                "storage_type": "rbd",
                "type": "scsi",
                "volume": "c1:base-700-disk-0/vm-752-disk-0"
              }
            ],
            "disk_gb": 0,
            "force_create": false,
            "force_recreate_on_change_of": null,
            "full_clone": false,
            "guest_agent_ready_timeout": 100,
            "hagroup": "",
            "hastate": "",
            "hotplug": "network,disk,usb",
            "id": "pve2/qemu/752",
            "ipconfig0": "ip=10.10.10.41/24,gw=10.10.10.1",
            "ipconfig1": "",
            "ipconfig2": "",
            "ipconfig3": "",
            "ipconfig4": "",
            "ipconfig5": "",
            "iso": null,
            "kvm": true,
            "mac": "",
            "memory": 16384,
            "name": "worker-1.proxmox.arcdsc.com",
            "nameserver": "10.10.10.1",
            "network": [
              {
                "bridge": "vmbr1",
                "firewall": false,
                "link_down": false,
                "macaddr": "0A:C0:EA:7F:37:84",
                "model": "virtio",
                "mtu": 0,
                "queues": 0,
                "rate": 0,
                "tag": -1
              }
            ],
            "nic": "",
            "numa": false,
            "onboot": false,
            "oncreate": true,
            "os_network_config": null,
            "os_type": "cloud-init",
            "pool": "C1",
            "preprovision": true,
            "pxe": null,
            "qemu_os": "l26",
            "reboot_required": false,
            "scsihw": "virtio-scsi-single",
            "searchdomain": "proxmox.arcdsc.com",
            "serial": [],
            "sockets": 1,
            "ssh_forward_ip": null,
            "ssh_host": null,
            "ssh_port": null,
            "ssh_private_key": null,
            "ssh_user": null,
            "sshkeys": "ssh-rsa AAAAB3NzaC1yc2EAAAADAQABAAABgQC2buU+SVNE0ky0XHB4ByZIDLTU3pezeF6o6nhnw1UmAgmpvuFp7bhf/tlVlLirVBfG7a0wfLXOs5DOvHLp/bDjA3UA+g9dvgL0DjGcH0SpFAVLofUQUS3UcO/qiNM1JpSVX2oG2wTZ2Kwi6HqHQTCNJku8bxe1I31u2Ohi/Gwrr0OJUVjCNCwn7NAPYOtKtbG6SPwvu/Wdy/INOtSE0VoWWaZb4TwHxc9TFR6w9lfAOrXpW0cPXcwqKoU34Wm0qacI/AYSWyK54/4CSTJrwB9FljRaLDc7I7BWx69ekrdjZJ7zxUmkcy1qksuyCTLiN6fYRYNAanwnXuWQYFUGD9nOso77hz3K0ficRSlsefZYnq4jnTW7ILkB8AtVyUnEDmxPVXBxc/U+Wgg1t9VdBKOcC7DZcU2WyuMjHHtqrAAZGm65iqWx8VG61DZET5kZ4iXvUOm1MWku9iOeaH3SeFoCmbxK8LjSaUkkMWiF+cIGHktTfV09Ciqk8qpDaaGyhq0= bahaaalamood@Bahaas-MacBook-Pro.local\n\n",
            "startup": "",
            "storage": "",
            "storage_type": "",
            "tablet": true,
            "tags": "",
            "target_node": "pve2",
            "timeouts": null,
            "unused_disk": [],
            "usb": [],
            "vcpus": 0,
            "vga": [],
            "vlan": -1,
            "vmid": 752
          },
          "sensitive_attributes": [],
          "private": "eyJlMmJmYjczMC1lY2FhLTExZTYtOGY4OC0zNDM2M2JjN2M0YzAiOnsiY3JlYXRlIjozMDAwMDAwMDAwMDAsImRlZmF1bHQiOjMwMDAwMDAwMDAwMCwiZGVsZXRlIjoxODAwMDAwMDAwMDAsInJlYWQiOjE4MDAwMDAwMDAwMCwidXBkYXRlIjoxODAwMDAwMDAwMDB9fQ=="
        },
        {
          "index_key": 2,
          "schema_version": 0,
          "attributes": {
            "additional_wait": 0,
            "agent": 0,
            "args": "",
            "automatic_reboot": true,
            "balloon": 0,
            "bios": "seabios",
            "boot": "c",
            "bootdisk": "scsi0",
            "bridge": "",
            "ci_wait": null,
            "cicustom": "",
            "cipassword": "",
            "ciuser": "ansible",
            "clone": "ubuntu-2204-cloudinit-temp-700",
            "clone_wait": 0,
            "cloudinit_cdrom_storage": null,
            "cores": 4,
            "cpu": "host",
            "default_ipv4_address": null,
            "define_connection_info": true,
            "desc": "",
            "disk": [
              {
                "aio": "",
                "backup": 0,
                "cache": "none",
                "discard": "",
                "file": "base-700-disk-0/vm-753-disk-0",
                "format": "raw",
                "iops": 0,
                "iops_max": 0,
                "iops_max_length": 0,
                "iops_rd": 0,
                "iops_rd_max": 0,
                "iops_rd_max_length": 0,
                "iops_wr": 0,
                "iops_wr_max": 0,
                "iops_wr_max_length": 0,
                "iothread": 1,
                "mbps": 0,
                "mbps_rd": 0,
                "mbps_rd_max": 0,
                "mbps_wr": 0,
                "mbps_wr_max": 0,
                "media": "",
                "replicate": 0,
                "size": "100G",
                "slot": 0,
                "ssd": 0,
                "storage": "c1",
                "storage_type": "rbd",
                "type": "scsi",
                "volume": "c1:base-700-disk-0/vm-753-disk-0"
              }
            ],
            "disk_gb": 0,
            "force_create": false,
            "force_recreate_on_change_of": null,
            "full_clone": false,
            "guest_agent_ready_timeout": 100,
            "hagroup": "",
            "hastate": "",
            "hotplug": "network,disk,usb",
            "id": "pve2/qemu/753",
            "ipconfig0": "ip=10.10.10.42/24,gw=10.10.10.1",
            "ipconfig1": "",
            "ipconfig2": "",
            "ipconfig3": "",
            "ipconfig4": "",
            "ipconfig5": "",
            "iso": null,
            "kvm": true,
            "mac": "",
            "memory": 16384,
            "name": "worker-2.proxmox.arcdsc.com",
            "nameserver": "10.10.10.1",
            "network": [
              {
                "bridge": "vmbr1",
                "firewall": false,
                "link_down": false,
                "macaddr": "B2:D7:82:56:FF:E8",
                "model": "virtio",
                "mtu": 0,
                "queues": 0,
                "rate": 0,
                "tag": -1
              }
            ],
            "nic": "",
            "numa": false,
            "onboot": false,
            "oncreate": true,
            "os_network_config": null,
            "os_type": "cloud-init",
            "pool": "C1",
            "preprovision": true,
            "pxe": null,
            "qemu_os": "l26",
            "reboot_required": false,
            "scsihw": "virtio-scsi-single",
            "searchdomain": "proxmox.arcdsc.com",
            "serial": [],
            "sockets": 1,
            "ssh_forward_ip": null,
            "ssh_host": null,
            "ssh_port": null,
            "ssh_private_key": null,
            "ssh_user": null,
            "sshkeys": "ssh-rsa AAAAB3NzaC1yc2EAAAADAQABAAABgQC2buU+SVNE0ky0XHB4ByZIDLTU3pezeF6o6nhnw1UmAgmpvuFp7bhf/tlVlLirVBfG7a0wfLXOs5DOvHLp/bDjA3UA+g9dvgL0DjGcH0SpFAVLofUQUS3UcO/qiNM1JpSVX2oG2wTZ2Kwi6HqHQTCNJku8bxe1I31u2Ohi/Gwrr0OJUVjCNCwn7NAPYOtKtbG6SPwvu/Wdy/INOtSE0VoWWaZb4TwHxc9TFR6w9lfAOrXpW0cPXcwqKoU34Wm0qacI/AYSWyK54/4CSTJrwB9FljRaLDc7I7BWx69ekrdjZJ7zxUmkcy1qksuyCTLiN6fYRYNAanwnXuWQYFUGD9nOso77hz3K0ficRSlsefZYnq4jnTW7ILkB8AtVyUnEDmxPVXBxc/U+Wgg1t9VdBKOcC7DZcU2WyuMjHHtqrAAZGm65iqWx8VG61DZET5kZ4iXvUOm1MWku9iOeaH3SeFoCmbxK8LjSaUkkMWiF+cIGHktTfV09Ciqk8qpDaaGyhq0= bahaaalamood@Bahaas-MacBook-Pro.local\n\n",
            "startup": "",
            "storage": "",
            "storage_type": "",
            "tablet": true,
            "tags": "",
            "target_node": "pve2",
            "timeouts": null,
            "unused_disk": [],
            "usb": [],
            "vcpus": 0,
            "vga": [],
            "vlan": -1,
            "vmid": 753
          },
          "sensitive_attributes": [],
          "private": "eyJlMmJmYjczMC1lY2FhLTExZTYtOGY4OC0zNDM2M2JjN2M0YzAiOnsiY3JlYXRlIjozMDAwMDAwMDAwMDAsImRlZmF1bHQiOjMwMDAwMDAwMDAwMCwiZGVsZXRlIjoxODAwMDAwMDAwMDAsInJlYWQiOjE4MDAwMDAwMDAwMCwidXBkYXRlIjoxODAwMDAwMDAwMDB9fQ=="
        }
      ]
    }
  ],
  "check_results": null
}
